// !$*UTF8*$!
{
	archiveVersion = 1;
	classes = {
	};
	objectVersion = 56;
	objects = {

/* Begin PBXBuildFile section */
		98E4B76E2AFE367600833F5F /* AppDelegate.swift in Sources */ = {isa = PBXBuildFile; fileRef = 98E4B76D2AFE367600833F5F /* AppDelegate.swift */; };
		98E4B7702AFE367600833F5F /* SceneDelegate.swift in Sources */ = {isa = PBXBuildFile; fileRef = 98E4B76F2AFE367600833F5F /* SceneDelegate.swift */; };
		98E4B7772AFE367700833F5F /* Assets.xcassets in Resources */ = {isa = PBXBuildFile; fileRef = 98E4B7762AFE367700833F5F /* Assets.xcassets */; };
		98E4B77A2AFE367700833F5F /* LaunchScreen.storyboard in Resources */ = {isa = PBXBuildFile; fileRef = 98E4B7782AFE367700833F5F /* LaunchScreen.storyboard */; };
		98E4B7812AFE388A00833F5F /* CinemaViewController.swift in Sources */ = {isa = PBXBuildFile; fileRef = 98E4B7712AFE367600833F5F /* CinemaViewController.swift */; };
		98E4B7832AFE396400833F5F /* movieModel.swift in Sources */ = {isa = PBXBuildFile; fileRef = 98E4B7822AFE396400833F5F /* movieModel.swift */; };
		98E4B7852AFE39DB00833F5F /* MovieDetailViewController.swift in Sources */ = {isa = PBXBuildFile; fileRef = 98E4B7842AFE39DB00833F5F /* MovieDetailViewController.swift */; };
		98E4B78B2AFE410B00833F5F /* MovieItemCollectionViewCell.swift in Sources */ = {isa = PBXBuildFile; fileRef = 98E4B78A2AFE410B00833F5F /* MovieItemCollectionViewCell.swift */; };
		98E853BD2B07B8A8003383C7 /* viewModel.swift in Sources */ = {isa = PBXBuildFile; fileRef = 98E853BC2B07B8A8003383C7 /* viewModel.swift */; };
		98E853BF2B07D80D003383C7 /* Network.swift in Sources */ = {isa = PBXBuildFile; fileRef = 98E853BE2B07D80D003383C7 /* Network.swift */; };
/* End PBXBuildFile section */

/* Begin PBXFileReference section */
		98E4B76A2AFE367600833F5F /* Davaleba25.app */ = {isa = PBXFileReference; explicitFileType = wrapper.application; includeInIndex = 0; path = Davaleba25.app; sourceTree = BUILT_PRODUCTS_DIR; };
		98E4B76D2AFE367600833F5F /* AppDelegate.swift */ = {isa = PBXFileReference; lastKnownFileType = sourcecode.swift; path = AppDelegate.swift; sourceTree = "<group>"; };
		98E4B76F2AFE367600833F5F /* SceneDelegate.swift */ = {isa = PBXFileReference; lastKnownFileType = sourcecode.swift; path = SceneDelegate.swift; sourceTree = "<group>"; };
		98E4B7712AFE367600833F5F /* CinemaViewController.swift */ = {isa = PBXFileReference; lastKnownFileType = sourcecode.swift; path = CinemaViewController.swift; sourceTree = "<group>"; };
		98E4B7762AFE367700833F5F /* Assets.xcassets */ = {isa = PBXFileReference; lastKnownFileType = folder.assetcatalog; path = Assets.xcassets; sourceTree = "<group>"; };
		98E4B7792AFE367700833F5F /* Base */ = {isa = PBXFileReference; lastKnownFileType = file.storyboard; name = Base; path = Base.lproj/LaunchScreen.storyboard; sourceTree = "<group>"; };
		98E4B77B2AFE367700833F5F /* Info.plist */ = {isa = PBXFileReference; lastKnownFileType = text.plist.xml; path = Info.plist; sourceTree = "<group>"; };
		98E4B7822AFE396400833F5F /* movieModel.swift */ = {isa = PBXFileReference; lastKnownFileType = sourcecode.swift; path = movieModel.swift; sourceTree = "<group>"; };
		98E4B7842AFE39DB00833F5F /* MovieDetailViewController.swift */ = {isa = PBXFileReference; lastKnownFileType = sourcecode.swift; path = MovieDetailViewController.swift; sourceTree = "<group>"; };
		98E4B78A2AFE410B00833F5F /* MovieItemCollectionViewCell.swift */ = {isa = PBXFileReference; lastKnownFileType = sourcecode.swift; path = MovieItemCollectionViewCell.swift; sourceTree = "<group>"; };
		98E853BC2B07B8A8003383C7 /* viewModel.swift */ = {isa = PBXFileReference; lastKnownFileType = sourcecode.swift; path = viewModel.swift; sourceTree = "<group>"; };
		98E853BE2B07D80D003383C7 /* Network.swift */ = {isa = PBXFileReference; lastKnownFileType = sourcecode.swift; path = Network.swift; sourceTree = "<group>"; };
/* End PBXFileReference section */

/* Begin PBXFrameworksBuildPhase section */
		98E4B7672AFE367600833F5F /* Frameworks */ = {
			isa = PBXFrameworksBuildPhase;
			buildActionMask = 2147483647;
			files = (
			);
			runOnlyForDeploymentPostprocessing = 0;
		};
/* End PBXFrameworksBuildPhase section */

/* Begin PBXGroup section */
		98E4B7612AFE367600833F5F = {
			isa = PBXGroup;
			children = (
				98E4B76C2AFE367600833F5F /* 21 */,
				98E4B76B2AFE367600833F5F /* Products */,
			);
			sourceTree = "<group>";
		};
		98E4B76B2AFE367600833F5F /* Products */ = {
			isa = PBXGroup;
			children = (
				98E4B76A2AFE367600833F5F /* Davaleba25.app */,
			);
			name = Products;
			sourceTree = "<group>";
		};
		98E4B76C2AFE367600833F5F /* 21 */ = {
			isa = PBXGroup;
			children = (
				98E853BB2B07B65C003383C7 /* App */,
				98E853C12B07EA2D003383C7 /* Model */,
				98E853C22B07EA48003383C7 /* ViewModel */,
				98E853C02B07E9D4003383C7 /* Controller */,
				98E853C32B07EABA003383C7 /* API */,
				98E4B78A2AFE410B00833F5F /* MovieItemCollectionViewCell.swift */,
				98E4B7762AFE367700833F5F /* Assets.xcassets */,
				98E4B7782AFE367700833F5F /* LaunchScreen.storyboard */,
				98E4B77B2AFE367700833F5F /* Info.plist */,
			);
			path = 21;
			sourceTree = "<group>";
		};
		98E853BB2B07B65C003383C7 /* App */ = {
			isa = PBXGroup;
			children = (
				98E4B76D2AFE367600833F5F /* AppDelegate.swift */,
				98E4B76F2AFE367600833F5F /* SceneDelegate.swift */,
			);
			path = App;
			sourceTree = "<group>";
		};
		98E853C02B07E9D4003383C7 /* Controller */ = {
			isa = PBXGroup;
			children = (
				98E4B7712AFE367600833F5F /* CinemaViewController.swift */,
				98E4B7842AFE39DB00833F5F /* MovieDetailViewController.swift */,
			);
			path = Controller;
			sourceTree = "<group>";
		};
		98E853C12B07EA2D003383C7 /* Model */ = {
			isa = PBXGroup;
			children = (
				98E4B7822AFE396400833F5F /* movieModel.swift */,
			);
			path = Model;
			sourceTree = "<group>";
		};
		98E853C22B07EA48003383C7 /* ViewModel */ = {
			isa = PBXGroup;
			children = (
				98E853BC2B07B8A8003383C7 /* viewModel.swift */,
			);
			path = ViewModel;
			sourceTree = "<group>";
		};
		98E853C32B07EABA003383C7 /* API */ = {
			isa = PBXGroup;
			children = (
				98E853BE2B07D80D003383C7 /* Network.swift */,
			);
			path = API;
			sourceTree = "<group>";
		};
/* End PBXGroup section */

/* Begin PBXNativeTarget section */
		98E4B7692AFE367600833F5F /* Davaleba25 */ = {
			isa = PBXNativeTarget;
			buildConfigurationList = 98E4B77E2AFE367700833F5F /* Build configuration list for PBXNativeTarget "Davaleba25" */;
			buildPhases = (
				98E4B7662AFE367600833F5F /* Sources */,
				98E4B7672AFE367600833F5F /* Frameworks */,
				98E4B7682AFE367600833F5F /* Resources */,
			);
			buildRules = (
			);
			dependencies = (
			);
			name = Davaleba25;
			productName = 21;
			productReference = 98E4B76A2AFE367600833F5F /* Davaleba25.app */;
			productType = "com.apple.product-type.application";
		};
/* End PBXNativeTarget section */

/* Begin PBXProject section */
		98E4B7622AFE367600833F5F /* Project object */ = {
			isa = PBXProject;
			attributes = {
				BuildIndependentTargetsInParallel = 1;
				LastSwiftUpdateCheck = 1430;
				LastUpgradeCheck = 1430;
				TargetAttributes = {
					98E4B7692AFE367600833F5F = {
						CreatedOnToolsVersion = 14.3.1;
					};
				};
			};
			buildConfigurationList = 98E4B7652AFE367600833F5F /* Build configuration list for PBXProject "Davaleba25" */;
			compatibilityVersion = "Xcode 14.0";
			developmentRegion = en;
			hasScannedForEncodings = 0;
			knownRegions = (
				en,
				Base,
			);
			mainGroup = 98E4B7612AFE367600833F5F;
			productRefGroup = 98E4B76B2AFE367600833F5F /* Products */;
			projectDirPath = "";
			projectRoot = "";
			targets = (
				98E4B7692AFE367600833F5F /* Davaleba25 */,
			);
		};
/* End PBXProject section */

/* Begin PBXResourcesBuildPhase section */
		98E4B7682AFE367600833F5F /* Resources */ = {
			isa = PBXResourcesBuildPhase;
			buildActionMask = 2147483647;
			files = (
				98E4B77A2AFE367700833F5F /* LaunchScreen.storyboard in Resources */,
				98E4B7772AFE367700833F5F /* Assets.xcassets in Resources */,
			);
			runOnlyForDeploymentPostprocessing = 0;
		};
/* End PBXResourcesBuildPhase section */

/* Begin PBXSourcesBuildPhase section */
		98E4B7662AFE367600833F5F /* Sources */ = {
			isa = PBXSourcesBuildPhase;
			buildActionMask = 2147483647;
			files = (
				98E4B76E2AFE367600833F5F /* AppDelegate.swift in Sources */,
				98E4B7852AFE39DB00833F5F /* MovieDetailViewController.swift in Sources */,
				98E853BF2B07D80D003383C7 /* Network.swift in Sources */,
				98E4B7702AFE367600833F5F /* SceneDelegate.swift in Sources */,
				98E4B7812AFE388A00833F5F /* CinemaViewController.swift in Sources */,
				98E4B78B2AFE410B00833F5F /* MovieItemCollectionViewCell.swift in Sources */,
				98E4B7832AFE396400833F5F /* movieModel.swift in Sources */,
				98E853BD2B07B8A8003383C7 /* viewModel.swift in Sources */,
			);
			runOnlyForDeploymentPostprocessing = 0;
		};
/* End PBXSourcesBuildPhase section */

/* Begin PBXVariantGroup section */
		98E4B7782AFE367700833F5F /* LaunchScreen.storyboard */ = {
			isa = PBXVariantGroup;
			children = (
				98E4B7792AFE367700833F5F /* Base */,
			);
			name = LaunchScreen.storyboard;
			sourceTree = "<group>";
		};
/* End PBXVariantGroup section */

/* Begin XCBuildConfiguration section */
		98E4B77C2AFE367700833F5F /* Debug */ = {
			isa = XCBuildConfiguration;
			buildSettings = {
				ALWAYS_SEARCH_USER_PATHS = NO;
				CLANG_ANALYZER_NONNULL = YES;
				CLANG_ANALYZER_NUMBER_OBJECT_CONVERSION = YES_AGGRESSIVE;
				CLANG_CXX_LANGUAGE_STANDARD = "gnu++20";
				CLANG_ENABLE_MODULES = YES;
				CLANG_ENABLE_OBJC_ARC = YES;
				CLANG_ENABLE_OBJC_WEAK = YES;
				CLANG_WARN_BLOCK_CAPTURE_AUTORELEASING = YES;
				CLANG_WARN_BOOL_CONVERSION = YES;
				CLANG_WARN_COMMA = YES;
				CLANG_WARN_CONSTANT_CONVERSION = YES;
				CLANG_WARN_DEPRECATED_OBJC_IMPLEMENTATIONS = YES;
				CLANG_WARN_DIRECT_OBJC_ISA_USAGE = YES_ERROR;
				CLANG_WARN_DOCUMENTATION_COMMENTS = YES;
				CLANG_WARN_EMPTY_BODY = YES;
				CLANG_WARN_ENUM_CONVERSION = YES;
				CLANG_WARN_INFINITE_RECURSION = YES;
				CLANG_WARN_INT_CONVERSION = YES;
				CLANG_WARN_NON_LITERAL_NULL_CONVERSION = YES;
				CLANG_WARN_OBJC_IMPLICIT_RETAIN_SELF = YES;
				CLANG_WARN_OBJC_LITERAL_CONVERSION = YES;
				CLANG_WARN_OBJC_ROOT_CLASS = YES_ERROR;
				CLANG_WARN_QUOTED_INCLUDE_IN_FRAMEWORK_HEADER = YES;
				CLANG_WARN_RANGE_LOOP_ANALYSIS = YES;
				CLANG_WARN_STRICT_PROTOTYPES = YES;
				CLANG_WARN_SUSPICIOUS_MOVE = YES;
				CLANG_WARN_UNGUARDED_AVAILABILITY = YES_AGGRESSIVE;
				CLANG_WARN_UNREACHABLE_CODE = YES;
				CLANG_WARN__DUPLICATE_METHOD_MATCH = YES;
				COPY_PHASE_STRIP = NO;
				DEBUG_INFORMATION_FORMAT = dwarf;
				ENABLE_STRICT_OBJC_MSGSEND = YES;
				ENABLE_TESTABILITY = YES;
				GCC_C_LANGUAGE_STANDARD = gnu11;
				GCC_DYNAMIC_NO_PIC = NO;
				GCC_NO_COMMON_BLOCKS = YES;
				GCC_OPTIMIZATION_LEVEL = 0;
				GCC_PREPROCESSOR_DEFINITIONS = (
					"DEBUG=1",
					"$(inherited)",
				);
				GCC_WARN_64_TO_32_BIT_CONVERSION = YES;
				GCC_WARN_ABOUT_RETURN_TYPE = YES_ERROR;
				GCC_WARN_UNDECLARED_SELECTOR = YES;
				GCC_WARN_UNINITIALIZED_AUTOS = YES_AGGRESSIVE;
				GCC_WARN_UNUSED_FUNCTION = YES;
				GCC_WARN_UNUSED_VARIABLE = YES;
				IPHONEOS_DEPLOYMENT_TARGET = 16.4;
				MTL_ENABLE_DEBUG_INFO = INCLUDE_SOURCE;
				MTL_FAST_MATH = YES;
				ONLY_ACTIVE_ARCH = YES;
				SDKROOT = iphoneos;
				SWIFT_ACTIVE_COMPILATION_CONDITIONS = DEBUG;
				SWIFT_OPTIMIZATION_LEVEL = "-Onone";
			};
			name = Debug;
		};
		98E4B77D2AFE367700833F5F /* Release */ = {
			isa = XCBuildConfiguration;
			buildSettings = {
				ALWAYS_SEARCH_USER_PATHS = NO;
				CLANG_ANALYZER_NONNULL = YES;
				CLANG_ANALYZER_NUMBER_OBJECT_CONVERSION = YES_AGGRESSIVE;
				CLANG_CXX_LANGUAGE_STANDARD = "gnu++20";
				CLANG_ENABLE_MODULES = YES;
				CLANG_ENABLE_OBJC_ARC = YES;
				CLANG_ENABLE_OBJC_WEAK = YES;
				CLANG_WARN_BLOCK_CAPTURE_AUTORELEASING = YES;
				CLANG_WARN_BOOL_CONVERSION = YES;
				CLANG_WARN_COMMA = YES;
				CLANG_WARN_CONSTANT_CONVERSION = YES;
				CLANG_WARN_DEPRECATED_OBJC_IMPLEMENTATIONS = YES;
				CLANG_WARN_DIRECT_OBJC_ISA_USAGE = YES_ERROR;
				CLANG_WARN_DOCUMENTATION_COMMENTS = YES;
				CLANG_WARN_EMPTY_BODY = YES;
				CLANG_WARN_ENUM_CONVERSION = YES;
				CLANG_WARN_INFINITE_RECURSION = YES;
				CLANG_WARN_INT_CONVERSION = YES;
				CLANG_WARN_NON_LITERAL_NULL_CONVERSION = YES;
				CLANG_WARN_OBJC_IMPLICIT_RETAIN_SELF = YES;
				CLANG_WARN_OBJC_LITERAL_CONVERSION = YES;
				CLANG_WARN_OBJC_ROOT_CLASS = YES_ERROR;
				CLANG_WARN_QUOTED_INCLUDE_IN_FRAMEWORK_HEADER = YES;
				CLANG_WARN_RANGE_LOOP_ANALYSIS = YES;
				CLANG_WARN_STRICT_PROTOTYPES = YES;
				CLANG_WARN_SUSPICIOUS_MOVE = YES;
				CLANG_WARN_UNGUARDED_AVAILABILITY = YES_AGGRESSIVE;
				CLANG_WARN_UNREACHABLE_CODE = YES;
				CLANG_WARN__DUPLICATE_METHOD_MATCH = YES;
				COPY_PHASE_STRIP = NO;
				DEBUG_INFORMATION_FORMAT = "dwarf-with-dsym";
				ENABLE_NS_ASSERTIONS = NO;
				ENABLE_STRICT_OBJC_MSGSEND = YES;
				GCC_C_LANGUAGE_STANDARD = gnu11;
				GCC_NO_COMMON_BLOCKS = YES;
				GCC_WARN_64_TO_32_BIT_CONVERSION = YES;
				GCC_WARN_ABOUT_RETURN_TYPE = YES_ERROR;
				GCC_WARN_UNDECLARED_SELECTOR = YES;
				GCC_WARN_UNINITIALIZED_AUTOS = YES_AGGRESSIVE;
				GCC_WARN_UNUSED_FUNCTION = YES;
				GCC_WARN_UNUSED_VARIABLE = YES;
				IPHONEOS_DEPLOYMENT_TARGET = 16.4;
				MTL_ENABLE_DEBUG_INFO = NO;
				MTL_FAST_MATH = YES;
				SDKROOT = iphoneos;
				SWIFT_COMPILATION_MODE = wholemodule;
				SWIFT_OPTIMIZATION_LEVEL = "-O";
				VALIDATE_PRODUCT = YES;
			};
			name = Release;
		};
		98E4B77F2AFE367700833F5F /* Debug */ = {
			isa = XCBuildConfiguration;
			buildSettings = {
				ASSETCATALOG_COMPILER_APPICON_NAME = AppIcon;
				ASSETCATALOG_COMPILER_GLOBAL_ACCENT_COLOR_NAME = AccentColor;
				CODE_SIGN_STYLE = Automatic;
				CURRENT_PROJECT_VERSION = 1;
				GENERATE_INFOPLIST_FILE = YES;
				INFOPLIST_FILE = 21/Info.plist;
				INFOPLIST_KEY_UIApplicationSupportsIndirectInputEvents = YES;
				INFOPLIST_KEY_UILaunchStoryboardName = LaunchScreen;
				INFOPLIST_KEY_UISupportedInterfaceOrientations_iPad = "UIInterfaceOrientationPortrait UIInterfaceOrientationPortraitUpsideDown UIInterfaceOrientationLandscapeLeft UIInterfaceOrientationLandscapeRight";
				INFOPLIST_KEY_UISupportedInterfaceOrientations_iPhone = "UIInterfaceOrientationPortrait UIInterfaceOrientationLandscapeLeft UIInterfaceOrientationLandscapeRight";
				LD_RUNPATH_SEARCH_PATHS = (
					"$(inherited)",
					"@executable_path/Frameworks",
				);
				MARKETING_VERSION = 1.0;
				PRODUCT_BUNDLE_IDENTIFIER = "ge.academy.objectDetection.-1";
				PRODUCT_NAME = "$(TARGET_NAME)";
				SWIFT_EMIT_LOC_STRINGS = YES;
				SWIFT_VERSION = 5.0;
				TARGETED_DEVICE_FAMILY = "1,2";
			};
			name = Debug;
		};
		98E4B7802AFE367700833F5F /* Release */ = {
			isa = XCBuildConfiguration;
			buildSettings = {
				ASSETCATALOG_COMPILER_APPICON_NAME = AppIcon;
				ASSETCATALOG_COMPILER_GLOBAL_ACCENT_COLOR_NAME = AccentColor;
				CODE_SIGN_STYLE = Automatic;
				CURRENT_PROJECT_VERSION = 1;
				GENERATE_INFOPLIST_FILE = YES;
				INFOPLIST_FILE = 21/Info.plist;
				INFOPLIST_KEY_UIApplicationSupportsIndirectInputEvents = YES;
				INFOPLIST_KEY_UILaunchStoryboardName = LaunchScreen;
				INFOPLIST_KEY_UISupportedInterfaceOrientations_iPad = "UIInterfaceOrientationPortrait UIInterfaceOrientationPortraitUpsideDown UIInterfaceOrientationLandscapeLeft UIInterfaceOrientationLandscapeRight";
				INFOPLIST_KEY_UISupportedInterfaceOrientations_iPhone = "UIInterfaceOrientationPortrait UIInterfaceOrientationLandscapeLeft UIInterfaceOrientationLandscapeRight";
				LD_RUNPATH_SEARCH_PATHS = (
					"$(inherited)",
					"@executable_path/Frameworks",
				);
				MARKETING_VERSION = 1.0;
				PRODUCT_BUNDLE_IDENTIFIER = "ge.academy.objectDetection.-1";
				PRODUCT_NAME = "$(TARGET_NAME)";
				SWIFT_EMIT_LOC_STRINGS = YES;
				SWIFT_VERSION = 5.0;
				TARGETED_DEVICE_FAMILY = "1,2";
			};
			name = Release;
		};
/* End XCBuildConfiguration section */

/* Begin XCConfigurationList section */
		98E4B7652AFE367600833F5F /* Build configuration list for PBXProject "Davaleba25" */ = {
			isa = XCConfigurationList;
			buildConfigurations = (
				98E4B77C2AFE367700833F5F /* Debug */,
				98E4B77D2AFE367700833F5F /* Release */,
			);
			defaultConfigurationIsVisible = 0;
			defaultConfigurationName = Release;
		};
		98E4B77E2AFE367700833F5F /* Build configuration list for PBXNativeTarget "Davaleba25" */ = {
			isa = XCConfigurationList;
			buildConfigurations = (
				98E4B77F2AFE367700833F5F /* Debug */,
				98E4B7802AFE367700833F5F /* Release */,
			);
			defaultConfigurationIsVisible = 0;
			defaultConfigurationName = Release;
		};
/* End XCConfigurationList section */
	};
	rootObject = 98E4B7622AFE367600833F5F /* Project object */;
}
